
Microsoft Visual Studio Solution File, Format Version 12.00
# Visual Studio Version 17
VisualStudioVersion = 17.6.33723.286
MinimumVisualStudioVersion = 10.0.40219.1
Project("{FAE04EC0-301F-11D3-BF4B-00C04F79EFBC}") = "Market", "Market\Market.csproj", "{86C2EC1C-6F8F-4847-A2F0-786C3FB7A334}"
EndProject
Global
	GlobalSection(SolutionConfigurationPlatforms) = preSolution
		Debug|Any CPU = Debug|Any CPU
		Release|Any CPU = Release|Any CPU
	EndGlobalSection
	GlobalSection(ProjectConfigurationPlatforms) = postSolution
		{86C2EC1C-6F8F-4847-A2F0-786C3FB7A334}.Debug|Any CPU.ActiveCfg = Debug|Any CPU
		{86C2EC1C-6F8F-4847-A2F0-786C3FB7A334}.Debug|Any CPU.Build.0 = Debug|Any CPU
		{86C2EC1C-6F8F-4847-A2F0-786C3FB7A334}.Release|Any CPU.ActiveCfg = Release|Any CPU
		{86C2EC1C-6F8F-4847-A2F0-786C3FB7A334}.Release|Any CPU.Build.0 = Release|Any CPU
	EndGlobalSection
	GlobalSection(SolutionProperties) = preSolution
		HideSolutionNode = FALSE
	EndGlobalSection
	GlobalSection(ExtensibilityGlobals) = postSolution
		SolutionGuid = {F3CB84E1-B7D7-4022-97EC-F419FC448A50}
	EndGlobalSection
EndGlobal
